
Microsoft Visual Studio Solution File, Format Version 12.00
# Visual Studio 15
VisualStudioVersion = 15.0.26730.15
MinimumVisualStudioVersion = 10.0.40219.1
Project("{FAE04EC0-301F-11D3-BF4B-00C04F79EFBC}") = "01. Greeting", "Csharp Intro and Basic Syntax - Lab\01. Greeting.csproj", "{4C795F80-B795-45D4-A956-714621BFFA9F}"
EndProject
Project("{FAE04EC0-301F-11D3-BF4B-00C04F79EFBC}") = "02. Add Two Numbers", "02. Add Two Numbers\02. Add Two Numbers.csproj", "{766BB8FB-88FE-4791-8BB2-CBD20395B3A7}"
EndProject
Project("{FAE04EC0-301F-11D3-BF4B-00C04F79EFBC}") = "03. Employee Data", "03. Employee Data\03. Employee Data.csproj", "{13A30EE5-1DE2-41EC-9FD8-A9E7E422BD62}"
EndProject
Global
	GlobalSection(SolutionConfigurationPlatforms) = preSolution
		Debug|Any CPU = Debug|Any CPU
		Release|Any CPU = Release|Any CPU
	EndGlobalSection
	GlobalSection(ProjectConfigurationPlatforms) = postSolution
		{4C795F80-B795-45D4-A956-714621BFFA9F}.Debug|Any CPU.ActiveCfg = Debug|Any CPU
		{4C795F80-B795-45D4-A956-714621BFFA9F}.Debug|Any CPU.Build.0 = Debug|Any CPU
		{4C795F80-B795-45D4-A956-714621BFFA9F}.Release|Any CPU.ActiveCfg = Release|Any CPU
		{4C795F80-B795-45D4-A956-714621BFFA9F}.Release|Any CPU.Build.0 = Release|Any CPU
		{766BB8FB-88FE-4791-8BB2-CBD20395B3A7}.Debug|Any CPU.ActiveCfg = Debug|Any CPU
		{766BB8FB-88FE-4791-8BB2-CBD20395B3A7}.Debug|Any CPU.Build.0 = Debug|Any CPU
		{766BB8FB-88FE-4791-8BB2-CBD20395B3A7}.Release|Any CPU.ActiveCfg = Release|Any CPU
		{766BB8FB-88FE-4791-8BB2-CBD20395B3A7}.Release|Any CPU.Build.0 = Release|Any CPU
		{13A30EE5-1DE2-41EC-9FD8-A9E7E422BD62}.Debug|Any CPU.ActiveCfg = Debug|Any CPU
		{13A30EE5-1DE2-41EC-9FD8-A9E7E422BD62}.Debug|Any CPU.Build.0 = Debug|Any CPU
		{13A30EE5-1DE2-41EC-9FD8-A9E7E422BD62}.Release|Any CPU.ActiveCfg = Release|Any CPU
		{13A30EE5-1DE2-41EC-9FD8-A9E7E422BD62}.Release|Any CPU.Build.0 = Release|Any CPU
	EndGlobalSection
	GlobalSection(SolutionProperties) = preSolution
		HideSolutionNode = FALSE
	EndGlobalSection
	GlobalSection(ExtensibilityGlobals) = postSolution
		SolutionGuid = {AA1B6253-F40B-431A-A772-83A3870BE039}
	EndGlobalSection
EndGlobal
