
Microsoft Visual Studio Solution File, Format Version 12.00
# Visual Studio 15
VisualStudioVersion = 15.0.26730.12
MinimumVisualStudioVersion = 10.0.40219.1
Project("{FAE04EC0-301F-11D3-BF4B-00C04F79EFBC}") = "1", "Exam Programming Baiscs - 3th September\1.csproj", "{BD7F0540-823B-4AB2-8A35-034A3440CD02}"
EndProject
Project("{FAE04EC0-301F-11D3-BF4B-00C04F79EFBC}") = "2", "2.\2.csproj", "{408D2A05-CF88-431B-8700-04CC9D0ED59F}"
EndProject
Project("{FAE04EC0-301F-11D3-BF4B-00C04F79EFBC}") = "3", "3\3.csproj", "{BCFF327D-0A82-4D75-838F-B6318B5783E6}"
EndProject
Project("{FAE04EC0-301F-11D3-BF4B-00C04F79EFBC}") = "4", "4\4.csproj", "{0702CAC3-E659-4352-A591-91D5E2813C95}"
EndProject
Project("{FAE04EC0-301F-11D3-BF4B-00C04F79EFBC}") = "5", "5\5.csproj", "{AA5A1B9F-17FF-4B1A-AB7B-33365C187989}"
EndProject
Project("{FAE04EC0-301F-11D3-BF4B-00C04F79EFBC}") = "6", "6\6.csproj", "{493BAEA9-7000-44BF-8B1D-7521D78FD8E2}"
EndProject
Global
	GlobalSection(SolutionConfigurationPlatforms) = preSolution
		Debug|Any CPU = Debug|Any CPU
		Release|Any CPU = Release|Any CPU
	EndGlobalSection
	GlobalSection(ProjectConfigurationPlatforms) = postSolution
		{BD7F0540-823B-4AB2-8A35-034A3440CD02}.Debug|Any CPU.ActiveCfg = Debug|Any CPU
		{BD7F0540-823B-4AB2-8A35-034A3440CD02}.Debug|Any CPU.Build.0 = Debug|Any CPU
		{BD7F0540-823B-4AB2-8A35-034A3440CD02}.Release|Any CPU.ActiveCfg = Release|Any CPU
		{BD7F0540-823B-4AB2-8A35-034A3440CD02}.Release|Any CPU.Build.0 = Release|Any CPU
		{408D2A05-CF88-431B-8700-04CC9D0ED59F}.Debug|Any CPU.ActiveCfg = Debug|Any CPU
		{408D2A05-CF88-431B-8700-04CC9D0ED59F}.Debug|Any CPU.Build.0 = Debug|Any CPU
		{408D2A05-CF88-431B-8700-04CC9D0ED59F}.Release|Any CPU.ActiveCfg = Release|Any CPU
		{408D2A05-CF88-431B-8700-04CC9D0ED59F}.Release|Any CPU.Build.0 = Release|Any CPU
		{BCFF327D-0A82-4D75-838F-B6318B5783E6}.Debug|Any CPU.ActiveCfg = Debug|Any CPU
		{BCFF327D-0A82-4D75-838F-B6318B5783E6}.Debug|Any CPU.Build.0 = Debug|Any CPU
		{BCFF327D-0A82-4D75-838F-B6318B5783E6}.Release|Any CPU.ActiveCfg = Release|Any CPU
		{BCFF327D-0A82-4D75-838F-B6318B5783E6}.Release|Any CPU.Build.0 = Release|Any CPU
		{0702CAC3-E659-4352-A591-91D5E2813C95}.Debug|Any CPU.ActiveCfg = Debug|Any CPU
		{0702CAC3-E659-4352-A591-91D5E2813C95}.Debug|Any CPU.Build.0 = Debug|Any CPU
		{0702CAC3-E659-4352-A591-91D5E2813C95}.Release|Any CPU.ActiveCfg = Release|Any CPU
		{0702CAC3-E659-4352-A591-91D5E2813C95}.Release|Any CPU.Build.0 = Release|Any CPU
		{AA5A1B9F-17FF-4B1A-AB7B-33365C187989}.Debug|Any CPU.ActiveCfg = Debug|Any CPU
		{AA5A1B9F-17FF-4B1A-AB7B-33365C187989}.Debug|Any CPU.Build.0 = Debug|Any CPU
		{AA5A1B9F-17FF-4B1A-AB7B-33365C187989}.Release|Any CPU.ActiveCfg = Release|Any CPU
		{AA5A1B9F-17FF-4B1A-AB7B-33365C187989}.Release|Any CPU.Build.0 = Release|Any CPU
		{493BAEA9-7000-44BF-8B1D-7521D78FD8E2}.Debug|Any CPU.ActiveCfg = Debug|Any CPU
		{493BAEA9-7000-44BF-8B1D-7521D78FD8E2}.Debug|Any CPU.Build.0 = Debug|Any CPU
		{493BAEA9-7000-44BF-8B1D-7521D78FD8E2}.Release|Any CPU.ActiveCfg = Release|Any CPU
		{493BAEA9-7000-44BF-8B1D-7521D78FD8E2}.Release|Any CPU.Build.0 = Release|Any CPU
	EndGlobalSection
	GlobalSection(SolutionProperties) = preSolution
		HideSolutionNode = FALSE
	EndGlobalSection
	GlobalSection(ExtensibilityGlobals) = postSolution
		SolutionGuid = {11079BAA-D2BD-4C11-B367-BC4F747D7D28}
	EndGlobalSection
EndGlobal
